
Microsoft Visual Studio Solution File, Format Version 12.00
# Visual Studio 15
VisualStudioVersion = 15.0.28307.168
MinimumVisualStudioVersion = 10.0.40219.1
Project("{FAE04EC0-301F-11D3-BF4B-00C04F79EFBC}") = "MyWebApp", "MyWebApp\MyWebApp.csproj", "{DDADF3BB-4515-4E8F-9679-057E2D5C2983}"
EndProject
Global
	GlobalSection(SolutionConfigurationPlatforms) = preSolution
		Debug|Any CPU = Debug|Any CPU
		Release|Any CPU = Release|Any CPU
	EndGlobalSection
	GlobalSection(ProjectConfigurationPlatforms) = postSolution
		{DDADF3BB-4515-4E8F-9679-057E2D5C2983}.Debug|Any CPU.ActiveCfg = Debug|Any CPU
		{DDADF3BB-4515-4E8F-9679-057E2D5C2983}.Debug|Any CPU.Build.0 = Debug|Any CPU
		{DDADF3BB-4515-4E8F-9679-057E2D5C2983}.Release|Any CPU.ActiveCfg = Release|Any CPU
		{DDADF3BB-4515-4E8F-9679-057E2D5C2983}.Release|Any CPU.Build.0 = Release|Any CPU
	EndGlobalSection
	GlobalSection(SolutionProperties) = preSolution
		HideSolutionNode = FALSE
	EndGlobalSection
	GlobalSection(ExtensibilityGlobals) = postSolution
		SolutionGuid = {96CB0684-9731-4DEF-9092-30144F2A35FD}
	EndGlobalSection
EndGlobal
